{
  "object": {
    "pins": [
      {
        "package": "FFConfigurableView",
        "repositoryURL": "https://github.com/fr3qfly/FFConfigurableView",
        "state": {
          "branch": null,
          "revision": "f97417166904250f6eacc12fae5610c060e92160",
          "version": "0.0.4"
        }
      },
      {
        "package": "NavHelper",
        "repositoryURL": "https://github.com/BalazsSzamody/NavHelper",
        "state": {
          "branch": null,
          "revision": "8c6fef7b445209c1ceaaf162c6ba41cd52777dac",
          "version": "1.0.1"
        }
      }
    ]
  },
  "version": 1
}
