{
  "object": {
    "pins": [
      {
        "package": "NavHelper",
        "repositoryURL": "https://github.com/BalazsSzamody/NavHelper",
        "state": {
          "branch": null,
          "revision": "8c6fef7b445209c1ceaaf162c6ba41cd52777dac",
          "version": "1.0.1"
        }
      }
    ]
  },
  "version": 1
}
